
Microsoft Visual Studio Solution File, Format Version 12.00
# Visual Studio 15
VisualStudioVersion = 15.0.28307.271
MinimumVisualStudioVersion = 10.0.40219.1
Project("{FAE04EC0-301F-11D3-BF4B-00C04F79EFBC}") = "WebApplication3", "WebApplication3\WebApplication3.csproj", "{68BEAE45-24D9-4F82-B319-8FB134D535DF}"
EndProject
Project("{FAE04EC0-301F-11D3-BF4B-00C04F79EFBC}") = "DataLayer", "..\DataLayer\DataLayer.csproj", "{B9FCA0B4-7554-49E0-ADC0-0674788146A3}"
EndProject
Global
	GlobalSection(SolutionConfigurationPlatforms) = preSolution
		Debug|Any CPU = Debug|Any CPU
		Release|Any CPU = Release|Any CPU
	EndGlobalSection
	GlobalSection(ProjectConfigurationPlatforms) = postSolution
		{68BEAE45-24D9-4F82-B319-8FB134D535DF}.Debug|Any CPU.ActiveCfg = Debug|Any CPU
		{68BEAE45-24D9-4F82-B319-8FB134D535DF}.Debug|Any CPU.Build.0 = Debug|Any CPU
		{68BEAE45-24D9-4F82-B319-8FB134D535DF}.Release|Any CPU.ActiveCfg = Release|Any CPU
		{68BEAE45-24D9-4F82-B319-8FB134D535DF}.Release|Any CPU.Build.0 = Release|Any CPU
		{B9FCA0B4-7554-49E0-ADC0-0674788146A3}.Debug|Any CPU.ActiveCfg = Debug|Any CPU
		{B9FCA0B4-7554-49E0-ADC0-0674788146A3}.Debug|Any CPU.Build.0 = Debug|Any CPU
		{B9FCA0B4-7554-49E0-ADC0-0674788146A3}.Release|Any CPU.ActiveCfg = Release|Any CPU
		{B9FCA0B4-7554-49E0-ADC0-0674788146A3}.Release|Any CPU.Build.0 = Release|Any CPU
	EndGlobalSection
	GlobalSection(SolutionProperties) = preSolution
		HideSolutionNode = FALSE
	EndGlobalSection
	GlobalSection(ExtensibilityGlobals) = postSolution
		SolutionGuid = {64D244C2-F925-45CA-86D7-48B2240F9E30}
	EndGlobalSection
EndGlobal
